
Microsoft Visual Studio Solution File, Format Version 12.00
# Visual Studio Version 17
VisualStudioVersion = 17.0.32112.339
MinimumVisualStudioVersion = 10.0.40219.1
Project("{FAE04EC0-301F-11D3-BF4B-00C04F79EFBC}") = "01.StacksAndQueues", "01.StacksAndQueues.csproj", "{D28A9F7F-E8D5-47FE-8E0D-EA99A8D49CDA}"
EndProject
Project("{FAE04EC0-301F-11D3-BF4B-00C04F79EFBC}") = "02.StackSum", "..\02.StackSum\02.StackSum.csproj", "{AD6B45BC-2685-4E15-8BCB-D3E9260ED5EE}"
EndProject
Global
	GlobalSection(SolutionConfigurationPlatforms) = preSolution
		Debug|Any CPU = Debug|Any CPU
		Release|Any CPU = Release|Any CPU
	EndGlobalSection
	GlobalSection(ProjectConfigurationPlatforms) = postSolution
		{D28A9F7F-E8D5-47FE-8E0D-EA99A8D49CDA}.Debug|Any CPU.ActiveCfg = Debug|Any CPU
		{D28A9F7F-E8D5-47FE-8E0D-EA99A8D49CDA}.Debug|Any CPU.Build.0 = Debug|Any CPU
		{D28A9F7F-E8D5-47FE-8E0D-EA99A8D49CDA}.Release|Any CPU.ActiveCfg = Release|Any CPU
		{D28A9F7F-E8D5-47FE-8E0D-EA99A8D49CDA}.Release|Any CPU.Build.0 = Release|Any CPU
		{AD6B45BC-2685-4E15-8BCB-D3E9260ED5EE}.Debug|Any CPU.ActiveCfg = Debug|Any CPU
		{AD6B45BC-2685-4E15-8BCB-D3E9260ED5EE}.Debug|Any CPU.Build.0 = Debug|Any CPU
		{AD6B45BC-2685-4E15-8BCB-D3E9260ED5EE}.Release|Any CPU.ActiveCfg = Release|Any CPU
		{AD6B45BC-2685-4E15-8BCB-D3E9260ED5EE}.Release|Any CPU.Build.0 = Release|Any CPU
	EndGlobalSection
	GlobalSection(SolutionProperties) = preSolution
		HideSolutionNode = FALSE
	EndGlobalSection
	GlobalSection(ExtensibilityGlobals) = postSolution
		SolutionGuid = {B44AD7AF-1DCD-47B4-A8C3-EBA6CA1CB7BF}
	EndGlobalSection
EndGlobal
